{
  "version": 4,
  "terraform_version": "1.12.2",
  "serial": 62,
  "lineage": "c978abbf-8476-6240-cb99-0795ce1241ba",
  "outputs": {},
  "resources": [
    {
      "mode": "managed",
      "type": "azurerm_resource_group",
      "name": "rg",
      "provider": "provider[\"registry.terraform.io/hashicorp/azurerm\"]",
      "instances": [
        {
          "schema_version": 0,
          "attributes": {
            "id": "/subscriptions/606e824b-aaf7-4b4e-9057-b459f6a4436d/resourceGroups/rg-arun-devsecopsapp-dev-westus2",
            "location": "westus2",
            "managed_by": "",
            "name": "rg-arun-devsecopsapp-dev-westus2",
            "tags": {},
            "timeouts": null
          },
          "sensitive_attributes": [],
          "identity_schema_version": 0,
          "private": "eyJlMmJmYjczMC1lY2FhLTExZTYtOGY4OC0zNDM2M2JjN2M0YzAiOnsiY3JlYXRlIjo1NDAwMDAwMDAwMDAwLCJkZWxldGUiOjU0MDAwMDAwMDAwMDAsInJlYWQiOjMwMDAwMDAwMDAwMCwidXBkYXRlIjo1NDAwMDAwMDAwMDAwfX0=",
          "dependencies": [
            "module.naming.random_string.first_letter",
            "module.naming.random_string.main"
          ]
        }
      ]
    },
    {
      "module": "module.appi",
      "mode": "managed",
      "type": "azurerm_application_insights",
      "name": "this",
      "provider": "provider[\"registry.terraform.io/hashicorp/azurerm\"]",
      "instances": [
        {
          "schema_version": 2,
          "attributes": {
            "app_id": "6cf84d0d-7438-4e37-bcae-c81a113a8fc6",
            "application_type": "web",
            "connection_string": "InstrumentationKey=966a378e-c4f3-4537-9243-5a7462091cb4;IngestionEndpoint=https://westus2-2.in.applicationinsights.azure.com/;LiveEndpoint=https://westus2.livediagnostics.monitor.azure.com/;ApplicationId=6cf84d0d-7438-4e37-bcae-c81a113a8fc6",
            "daily_data_cap_in_gb": 1,
            "daily_data_cap_notifications_disabled": false,
            "disable_ip_masking": false,
            "force_customer_storage_for_profiler": false,
            "id": "/subscriptions/606e824b-aaf7-4b4e-9057-b459f6a4436d/resourceGroups/rg-arun-devsecopsapp-dev-westus2/providers/Microsoft.Insights/components/appi-arun-devsecopsapp-dev-westus2",
            "instrumentation_key": "966a378e-c4f3-4537-9243-5a7462091cb4",
            "internet_ingestion_enabled": true,
            "internet_query_enabled": true,
            "local_authentication_disabled": false,
            "location": "westus2",
            "name": "appi-arun-devsecopsapp-dev-westus2",
            "resource_group_name": "rg-arun-devsecopsapp-dev-westus2",
            "retention_in_days": 30,
            "sampling_percentage": 100,
            "tags": {},
            "timeouts": null,
            "workspace_id": "/subscriptions/606e824b-aaf7-4b4e-9057-b459f6a4436d/resourceGroups/rg-arun-devsecopsapp-dev-westus2/providers/Microsoft.OperationalInsights/workspaces/log-arun-devsecopsapp-dev-westus2"
          },
          "sensitive_attributes": [
            [
              {
                "type": "get_attr",
                "value": "instrumentation_key"
              }
            ],
            [
              {
                "type": "get_attr",
                "value": "connection_string"
              }
            ]
          ],
          "identity_schema_version": 0,
          "private": "eyJlMmJmYjczMC1lY2FhLTExZTYtOGY4OC0zNDM2M2JjN2M0YzAiOnsiY3JlYXRlIjozNjAwMDAwMDAwMDAwLCJkZWxldGUiOjE4MDAwMDAwMDAwMDAsInJlYWQiOjMwMDAwMDAwMDAwMCwidXBkYXRlIjoxODAwMDAwMDAwMDAwfSwic2NoZW1hX3ZlcnNpb24iOiIyIn0=",
          "dependencies": [
            "azurerm_resource_group.rg",
            "module.log_analytics_workspace.azurerm_log_analytics_workspace.this",
            "module.naming.random_string.first_letter",
            "module.naming.random_string.main"
          ]
        }
      ]
    },
    {
      "module": "module.asp",
      "mode": "data",
      "type": "azurerm_location",
      "name": "region",
      "provider": "provider[\"registry.terraform.io/hashicorp/azurerm\"]",
      "instances": [
        {
          "schema_version": 0,
          "attributes": {
            "display_name": "West US 2",
            "id": "/subscriptions/606e824b-aaf7-4b4e-9057-b459f6a4436d/locations/westus2",
            "location": "westus2",
            "timeouts": null,
            "zone_mappings": [
              {
                "logical_zone": "1",
                "physical_zone": "westus2-az1"
              },
              {
                "logical_zone": "2",
                "physical_zone": "westus2-az2"
              },
              {
                "logical_zone": "3",
                "physical_zone": "westus2-az3"
              }
            ]
          },
          "sensitive_attributes": [],
          "identity_schema_version": 0
        }
      ]
    },
    {
      "module": "module.asp",
      "mode": "managed",
      "type": "azurerm_service_plan",
      "name": "this",
      "provider": "provider[\"registry.terraform.io/hashicorp/azurerm\"]",
      "instances": [
        {
          "schema_version": 1,
          "attributes": {
            "app_service_environment_id": "",
            "id": "/subscriptions/606e824b-aaf7-4b4e-9057-b459f6a4436d/resourceGroups/rg-arun-devsecopsapp-dev-westus2/providers/Microsoft.Web/serverFarms/plan-arun-devsecopsapp-dev-westus2",
            "kind": "linux",
            "location": "westus2",
            "maximum_elastic_worker_count": 3,
            "name": "plan-arun-devsecopsapp-dev-westus2",
            "os_type": "Linux",
            "per_site_scaling_enabled": false,
            "premium_plan_auto_scale_enabled": false,
            "reserved": true,
            "resource_group_name": "rg-arun-devsecopsapp-dev-westus2",
            "sku_name": "B1",
            "tags": {},
            "timeouts": null,
            "worker_count": 3,
            "zone_balancing_enabled": false
          },
          "sensitive_attributes": [],
          "identity_schema_version": 0,
          "private": "eyJlMmJmYjczMC1lY2FhLTExZTYtOGY4OC0zNDM2M2JjN2M0YzAiOnsiY3JlYXRlIjozNjAwMDAwMDAwMDAwLCJkZWxldGUiOjM2MDAwMDAwMDAwMDAsInJlYWQiOjMwMDAwMDAwMDAwMCwidXBkYXRlIjozNjAwMDAwMDAwMDAwfSwic2NoZW1hX3ZlcnNpb24iOiIxIn0=",
          "dependencies": [
            "azurerm_resource_group.rg",
            "module.asp.data.azurerm_location.region",
            "module.naming.random_string.first_letter",
            "module.naming.random_string.main"
          ]
        }
      ]
    },
    {
      "module": "module.avm_res_web_site",
      "mode": "managed",
      "type": "azurerm_application_insights",
      "name": "this",
      "provider": "provider[\"registry.terraform.io/hashicorp/azurerm\"]",
      "instances": [
        {
          "index_key": 0,
          "schema_version": 2,
          "attributes": {
            "app_id": "ad45fe40-e8fe-4bce-a9c7-c9d7e8e8ca5d",
            "application_type": "web",
            "connection_string": "InstrumentationKey=1854dd16-0d1a-4caf-a27e-ed169b2a4cc1;IngestionEndpoint=https://westus2-2.in.applicationinsights.azure.com/;LiveEndpoint=https://westus2.livediagnostics.monitor.azure.com/;ApplicationId=ad45fe40-e8fe-4bce-a9c7-c9d7e8e8ca5d",
            "daily_data_cap_in_gb": 100,
            "daily_data_cap_notifications_disabled": false,
            "disable_ip_masking": false,
            "force_customer_storage_for_profiler": false,
            "id": "/subscriptions/606e824b-aaf7-4b4e-9057-b459f6a4436d/resourceGroups/rg-arun-devsecopsapp-dev-westus2/providers/Microsoft.Insights/components/ai-app-arun-devsecopsapp-dev-westus2",
            "instrumentation_key": "1854dd16-0d1a-4caf-a27e-ed169b2a4cc1",
            "internet_ingestion_enabled": true,
            "internet_query_enabled": true,
            "local_authentication_disabled": false,
            "location": "westus2",
            "name": "ai-app-arun-devsecopsapp-dev-westus2",
            "resource_group_name": "rg-arun-devsecopsapp-dev-westus2",
            "retention_in_days": 90,
            "sampling_percentage": 100,
            "tags": {},
            "timeouts": null,
            "workspace_id": "/subscriptions/606e824b-aaf7-4b4e-9057-b459f6a4436d/resourceGroups/ai_ai-app-arun-devsecopsapp-dev-westus2_ad45fe40-e8fe-4bce-a9c7-c9d7e8e8ca5d_managed/providers/Microsoft.OperationalInsights/workspaces/managed-ai-app-arun-devsecopsapp-dev-westus2-ws"
          },
          "sensitive_attributes": [
            [
              {
                "type": "get_attr",
                "value": "connection_string"
              }
            ],
            [
              {
                "type": "get_attr",
                "value": "instrumentation_key"
              }
            ]
          ],
          "identity_schema_version": 0,
          "private": "eyJlMmJmYjczMC1lY2FhLTExZTYtOGY4OC0zNDM2M2JjN2M0YzAiOnsiY3JlYXRlIjozNjAwMDAwMDAwMDAwLCJkZWxldGUiOjE4MDAwMDAwMDAwMDAsInJlYWQiOjMwMDAwMDAwMDAwMCwidXBkYXRlIjoxODAwMDAwMDAwMDAwfSwic2NoZW1hX3ZlcnNpb24iOiIyIn0=",
          "dependencies": [
            "azurerm_resource_group.rg",
            "module.log_analytics_workspace.azurerm_log_analytics_workspace.this",
            "module.naming.random_string.first_letter",
            "module.naming.random_string.main"
          ]
        }
      ]
    },
    {
      "module": "module.avm_res_web_site",
      "mode": "managed",
      "type": "azurerm_linux_web_app",
      "name": "this",
      "provider": "provider[\"registry.terraform.io/hashicorp/azurerm\"]",
      "instances": [
        {
          "index_key": 0,
          "schema_version": 1,
          "attributes": {
            "app_settings": {
              "APPINSIGHTS_INSTRUMENTATIONKEY": "1854dd16-0d1a-4caf-a27e-ed169b2a4cc1",
              "APPLICATIONINSIGHTS_CONNECTION_STRING": "InstrumentationKey=1854dd16-0d1a-4caf-a27e-ed169b2a4cc1;IngestionEndpoint=https://westus2-2.in.applicationinsights.azure.com/;LiveEndpoint=https://westus2.livediagnostics.monitor.azure.com/;ApplicationId=ad45fe40-e8fe-4bce-a9c7-c9d7e8e8ca5d"
            },
            "auth_settings": [],
            "auth_settings_v2": [],
            "backup": [],
            "client_affinity_enabled": false,
            "client_certificate_enabled": false,
            "client_certificate_exclusion_paths": "",
            "client_certificate_mode": "Required",
            "connection_string": [],
            "custom_domain_verification_id": "25D556597DBDC39D5797E088EAC516198A1C323FDB19CDBDEC95A5E58F724526",
            "default_hostname": "app-arun-devsecopsapp-dev-westus2.azurewebsites.net",
            "enabled": true,
            "ftp_publish_basic_authentication_enabled": true,
            "hosting_environment_id": "",
            "https_only": false,
            "id": "/subscriptions/606e824b-aaf7-4b4e-9057-b459f6a4436d/resourceGroups/rg-arun-devsecopsapp-dev-westus2/providers/Microsoft.Web/sites/app-arun-devsecopsapp-dev-westus2",
            "identity": [],
            "key_vault_reference_identity_id": "SystemAssigned",
            "kind": "app,linux",
            "location": "westus2",
            "logs": [],
            "name": "app-arun-devsecopsapp-dev-westus2",
            "outbound_ip_address_list": [
              "172.179.62.138",
              "172.179.62.143",
              "172.179.62.146",
              "172.179.61.115",
              "172.179.62.149",
              "172.179.62.178",
              "172.179.61.161",
              "172.179.62.15",
              "172.179.62.34",
              "172.179.62.35",
              "172.179.62.36",
              "172.179.62.37",
              "20.115.232.17"
            ],
            "outbound_ip_addresses": "172.179.62.138,172.179.62.143,172.179.62.146,172.179.61.115,172.179.62.149,172.179.62.178,172.179.61.161,172.179.62.15,172.179.62.34,172.179.62.35,172.179.62.36,172.179.62.37,20.115.232.17",
            "possible_outbound_ip_address_list": [
              "172.179.62.138",
              "172.179.62.143",
              "172.179.62.146",
              "172.179.61.115",
              "172.179.62.149",
              "172.179.62.178",
              "172.179.61.161",
              "172.179.62.15",
              "172.179.62.34",
              "172.179.62.35",
              "172.179.62.36",
              "172.179.62.37",
              "172.179.62.56",
              "172.179.62.57",
              "172.179.62.72",
              "172.179.62.73",
              "172.179.62.78",
              "172.179.62.79",
              "172.179.62.84",
              "172.179.62.85",
              "172.179.62.90",
              "172.179.62.110",
              "172.179.62.118",
              "172.179.62.119",
              "172.179.62.186",
              "172.179.62.187",
              "172.179.62.200",
              "172.179.62.201",
              "172.179.62.210",
              "172.179.62.211",
              "20.115.232.17"
            ],
            "possible_outbound_ip_addresses": "172.179.62.138,172.179.62.143,172.179.62.146,172.179.61.115,172.179.62.149,172.179.62.178,172.179.61.161,172.179.62.15,172.179.62.34,172.179.62.35,172.179.62.36,172.179.62.37,172.179.62.56,172.179.62.57,172.179.62.72,172.179.62.73,172.179.62.78,172.179.62.79,172.179.62.84,172.179.62.85,172.179.62.90,172.179.62.110,172.179.62.118,172.179.62.119,172.179.62.186,172.179.62.187,172.179.62.200,172.179.62.201,172.179.62.210,172.179.62.211,20.115.232.17",
            "public_network_access_enabled": true,
            "resource_group_name": "rg-arun-devsecopsapp-dev-westus2",
            "service_plan_id": "/subscriptions/606e824b-aaf7-4b4e-9057-b459f6a4436d/resourceGroups/rg-arun-devsecopsapp-dev-westus2/providers/Microsoft.Web/serverFarms/plan-arun-devsecopsapp-dev-westus2",
            "site_config": [
              {
                "always_on": true,
                "api_definition_url": "",
                "api_management_api_id": "",
                "app_command_line": "",
                "application_stack": [
                  {
                    "docker_image_name": "",
                    "docker_registry_password": "",
                    "docker_registry_url": "",
                    "docker_registry_username": "",
                    "dotnet_version": "",
                    "go_version": "",
                    "java_server": "",
                    "java_server_version": "",
                    "java_version": "",
                    "node_version": "",
                    "php_version": "",
                    "python_version": "",
                    "ruby_version": ""
                  }
                ],
                "auto_heal_setting": [],
                "container_registry_managed_identity_client_id": "",
                "container_registry_use_managed_identity": false,
                "cors": [],
                "default_documents": [
                  "Default.htm",
                  "Default.html",
                  "Default.asp",
                  "index.htm",
                  "index.html",
                  "iisstart.htm",
                  "default.aspx",
                  "index.php",
                  "hostingstart.html"
                ],
                "detailed_error_logging_enabled": false,
                "ftps_state": "FtpsOnly",
                "health_check_eviction_time_in_min": 0,
                "health_check_path": "",
                "http2_enabled": false,
                "ip_restriction": [],
                "ip_restriction_default_action": "Allow",
                "linux_fx_version": "",
                "load_balancing_mode": "LeastRequests",
                "local_mysql_enabled": false,
                "managed_pipeline_mode": "Integrated",
                "minimum_tls_version": "1.3",
                "remote_debugging_enabled": false,
                "remote_debugging_version": "VS2022",
                "scm_ip_restriction": [],
                "scm_ip_restriction_default_action": "Allow",
                "scm_minimum_tls_version": "1.2",
                "scm_type": "None",
                "scm_use_main_ip_restriction": false,
                "use_32_bit_worker": false,
                "vnet_route_all_enabled": false,
                "websockets_enabled": false,
                "worker_count": 1
              }
            ],
            "site_credential": [
              {
                "name": "$app-arun-devsecopsapp-dev-westus2",
                "password": "womRlMQfLreppp4YDvB4jQpknu7dXwCQo6ckgtrvqdGmrnaqG9wnlGellYnk"
              }
            ],
            "sticky_settings": [],
            "storage_account": [],
            "tags": {},
            "timeouts": null,
            "virtual_network_backup_restore_enabled": false,
            "virtual_network_subnet_id": "",
            "vnet_image_pull_enabled": false,
            "webdeploy_publish_basic_authentication_enabled": true,
            "zip_deploy_file": ""
          },
          "sensitive_attributes": [
            [
              {
                "type": "get_attr",
                "value": "site_config"
              },
              {
                "type": "index",
                "value": {
                  "value": 0,
                  "type": "number"
                }
              },
              {
                "type": "get_attr",
                "value": "application_stack"
              },
              {
                "type": "index",
                "value": {
                  "value": 0,
                  "type": "number"
                }
              },
              {
                "type": "get_attr",
                "value": "docker_registry_password"
              }
            ],
            [
              {
                "type": "get_attr",
                "value": "site_credential"
              }
            ],
            [
              {
                "type": "get_attr",
                "value": "custom_domain_verification_id"
              }
            ],
            [
              {
                "type": "get_attr",
                "value": "app_settings"
              },
              {
                "type": "index",
                "value": {
                  "value": "APPINSIGHTS_INSTRUMENTATIONKEY",
                  "type": "string"
                }
              }
            ],
            [
              {
                "type": "get_attr",
                "value": "app_settings"
              },
              {
                "type": "index",
                "value": {
                  "value": "APPLICATIONINSIGHTS_CONNECTION_STRING",
                  "type": "string"
                }
              }
            ]
          ],
          "identity_schema_version": 0,
          "private": "eyJlMmJmYjczMC1lY2FhLTExZTYtOGY4OC0zNDM2M2JjN2M0YzAiOnsiY3JlYXRlIjoxODAwMDAwMDAwMDAwLCJkZWxldGUiOjE4MDAwMDAwMDAwMDAsInJlYWQiOjMwMDAwMDAwMDAwMCwidXBkYXRlIjoxODAwMDAwMDAwMDAwfSwic2NoZW1hX3ZlcnNpb24iOiIxIn0=",
          "dependencies": [
            "azurerm_resource_group.rg",
            "module.asp.azurerm_service_plan.this",
            "module.asp.data.azurerm_location.region",
            "module.avm_res_web_site.azurerm_application_insights.this",
            "module.log_analytics_workspace.azurerm_log_analytics_workspace.this",
            "module.naming.random_string.first_letter",
            "module.naming.random_string.main"
          ]
        }
      ]
    },
    {
      "module": "module.log_analytics_workspace",
      "mode": "managed",
      "type": "azurerm_log_analytics_workspace",
      "name": "this",
      "provider": "provider[\"registry.terraform.io/hashicorp/azurerm\"]",
      "instances": [
        {
          "schema_version": 3,
          "attributes": {
            "allow_resource_only_permissions": true,
            "cmk_for_query_forced": false,
            "daily_quota_gb": 1,
            "data_collection_rule_id": "",
            "id": "/subscriptions/606e824b-aaf7-4b4e-9057-b459f6a4436d/resourceGroups/rg-arun-devsecopsapp-dev-westus2/providers/Microsoft.OperationalInsights/workspaces/log-arun-devsecopsapp-dev-westus2",
            "identity": [],
            "immediate_data_purge_on_30_days_enabled": false,
            "internet_ingestion_enabled": false,
            "internet_query_enabled": false,
            "local_authentication_disabled": true,
            "local_authentication_enabled": false,
            "location": "westus2",
            "name": "log-arun-devsecopsapp-dev-westus2",
            "primary_shared_key": "xKnD8zfhAtuGnP0BWwnncGXOfrgjt7MfXS1vJMtS7M299cM6ZzH+XgRGa/8IoSsct+SCS/Sp6SxkZITArg9Xww==",
            "reservation_capacity_in_gb_per_day": null,
            "resource_group_name": "rg-arun-devsecopsapp-dev-westus2",
            "retention_in_days": 30,
            "secondary_shared_key": "qnAixbvjpADpmathb2xy5wze7+YBT2tDWzuVcE+g9PyQ2JWrTabXVrYiS7L7K1S2+PpUIGNg1guaQeW4K+k5WQ==",
            "sku": "PerGB2018",
            "tags": {},
            "timeouts": null,
            "workspace_id": "10d98ed4-2efc-4b3f-a308-797fb65991cb"
          },
          "sensitive_attributes": [
            [
              {
                "type": "get_attr",
                "value": "primary_shared_key"
              }
            ],
            [
              {
                "type": "get_attr",
                "value": "secondary_shared_key"
              }
            ]
          ],
          "identity_schema_version": 0,
          "private": "eyJlMmJmYjczMC1lY2FhLTExZTYtOGY4OC0zNDM2M2JjN2M0YzAiOnsiY3JlYXRlIjoxODAwMDAwMDAwMDAwLCJkZWxldGUiOjE4MDAwMDAwMDAwMDAsInJlYWQiOjMwMDAwMDAwMDAwMCwidXBkYXRlIjoxODAwMDAwMDAwMDAwfSwic2NoZW1hX3ZlcnNpb24iOiIzIn0=",
          "dependencies": [
            "azurerm_resource_group.rg",
            "module.naming.random_string.first_letter",
            "module.naming.random_string.main"
          ]
        }
      ]
    },
    {
      "module": "module.naming",
      "mode": "managed",
      "type": "random_string",
      "name": "first_letter",
      "provider": "provider[\"registry.terraform.io/hashicorp/random\"]",
      "instances": [
        {
          "schema_version": 2,
          "attributes": {
            "id": "c",
            "keepers": null,
            "length": 1,
            "lower": true,
            "min_lower": 0,
            "min_numeric": 0,
            "min_special": 0,
            "min_upper": 0,
            "number": false,
            "numeric": false,
            "override_special": null,
            "result": "c",
            "special": false,
            "upper": false
          },
          "sensitive_attributes": [],
          "identity_schema_version": 0
        }
      ]
    },
    {
      "module": "module.naming",
      "mode": "managed",
      "type": "random_string",
      "name": "main",
      "provider": "provider[\"registry.terraform.io/hashicorp/random\"]",
      "instances": [
        {
          "schema_version": 2,
          "attributes": {
            "id": "o3z1yf996zhl7pci67u9upep1lc6srornfmpfpakpbbkyap0wtq3ovzchmar",
            "keepers": null,
            "length": 60,
            "lower": true,
            "min_lower": 0,
            "min_numeric": 0,
            "min_special": 0,
            "min_upper": 0,
            "number": true,
            "numeric": true,
            "override_special": null,
            "result": "o3z1yf996zhl7pci67u9upep1lc6srornfmpfpakpbbkyap0wtq3ovzchmar",
            "special": false,
            "upper": false
          },
          "sensitive_attributes": [],
          "identity_schema_version": 0
        }
      ]
    }
  ],
  "check_results": [
    {
      "object_kind": "var",
      "config_addr": "module.avm_res_web_site.var.instance_memory_in_mb",
      "status": "pass",
      "objects": [
        {
          "object_addr": "module.avm_res_web_site.var.instance_memory_in_mb",
          "status": "pass"
        }
      ]
    },
    {
      "object_kind": "var",
      "config_addr": "module.avm_res_web_site.var.os_type",
      "status": "pass",
      "objects": [
        {
          "object_addr": "module.avm_res_web_site.var.os_type",
          "status": "pass"
        }
      ]
    },
    {
      "object_kind": "var",
      "config_addr": "module.asp.var.os_type",
      "status": "pass",
      "objects": [
        {
          "object_addr": "module.asp.var.os_type",
          "status": "pass"
        }
      ]
    },
    {
      "object_kind": "var",
      "config_addr": "module.asp.var.name",
      "status": "pass",
      "objects": [
        {
          "object_addr": "module.asp.var.name",
          "status": "pass"
        }
      ]
    },
    {
      "object_kind": "var",
      "config_addr": "module.avm_res_web_site.var.logs",
      "status": "pass",
      "objects": [
        {
          "object_addr": "module.avm_res_web_site.var.logs",
          "status": "pass"
        }
      ]
    },
    {
      "object_kind": "var",
      "config_addr": "module.asp.var.sku_name",
      "status": "pass",
      "objects": [
        {
          "object_addr": "module.asp.var.sku_name",
          "status": "pass"
        }
      ]
    },
    {
      "object_kind": "var",
      "config_addr": "module.log_analytics_workspace.var.lock",
      "status": "pass",
      "objects": [
        {
          "object_addr": "module.log_analytics_workspace.var.lock",
          "status": "pass"
        }
      ]
    },
    {
      "object_kind": "var",
      "config_addr": "module.avm_res_web_site.var.kind",
      "status": "pass",
      "objects": [
        {
          "object_addr": "module.avm_res_web_site.var.kind",
          "status": "pass"
        }
      ]
    },
    {
      "object_kind": "var",
      "config_addr": "module.asp.var.lock",
      "status": "pass",
      "objects": [
        {
          "object_addr": "module.asp.var.lock",
          "status": "pass"
        }
      ]
    },
    {
      "object_kind": "var",
      "config_addr": "module.log_analytics_workspace.var.diagnostic_settings",
      "status": "pass",
      "objects": [
        {
          "object_addr": "module.log_analytics_workspace.var.diagnostic_settings",
          "status": "pass"
        }
      ]
    },
    {
      "object_kind": "var",
      "config_addr": "module.appi.var.application_type",
      "status": "pass",
      "objects": [
        {
          "object_addr": "module.appi.var.application_type",
          "status": "pass"
        }
      ]
    },
    {
      "object_kind": "var",
      "config_addr": "module.log_analytics_workspace.var.name",
      "status": "pass",
      "objects": [
        {
          "object_addr": "module.log_analytics_workspace.var.name",
          "status": "pass"
        }
      ]
    },
    {
      "object_kind": "var",
      "config_addr": "module.appi.var.name",
      "status": "pass",
      "objects": [
        {
          "object_addr": "module.appi.var.name",
          "status": "pass"
        }
      ]
    },
    {
      "object_kind": "var",
      "config_addr": "module.appi.var.monitor_private_link_scope",
      "status": "pass",
      "objects": [
        {
          "object_addr": "module.appi.var.monitor_private_link_scope",
          "status": "pass"
        }
      ]
    },
    {
      "object_kind": "var",
      "config_addr": "module.avm_res_web_site.var.diagnostic_settings",
      "status": "pass",
      "objects": [
        {
          "object_addr": "module.avm_res_web_site.var.diagnostic_settings",
          "status": "pass"
        }
      ]
    },
    {
      "object_kind": "var",
      "config_addr": "module.appi.var.lock",
      "status": "pass",
      "objects": [
        {
          "object_addr": "module.appi.var.lock",
          "status": "pass"
        }
      ]
    },
    {
      "object_kind": "var",
      "config_addr": "module.avm_res_web_site.var.lock",
      "status": "pass",
      "objects": [
        {
          "object_addr": "module.avm_res_web_site.var.lock",
          "status": "pass"
        }
      ]
    }
  ]
}
